
Microsoft Visual Studio Solution File, Format Version 12.00
# Visual Studio 2013
VisualStudioVersion = 12.0.40629.0
MinimumVisualStudioVersion = 10.0.40219.1
Project("{2150E333-8FDC-42A3-9474-1A3956D46DE8}") = "Infrastruture", "Infrastruture", "{FEAB8678-F847-49E1-93FB-FE9DC8B240FA}"
EndProject
Project("{FAE04EC0-301F-11D3-BF4B-00C04F79EFBC}") = "ServiceBus", "ServiceBus\ServiceBus.csproj", "{9DFF5D66-34A6-445A-B2CD-05048550C443}"
EndProject
Project("{2150E333-8FDC-42A3-9474-1A3956D46DE8}") = "OneWayMessaging", "OneWayMessaging", "{ABF9063C-2D47-4F28-89F4-7CDD40BDC76C}"
EndProject
Project("{FAE04EC0-301F-11D3-BF4B-00C04F79EFBC}") = "OrderProcessor", "OrderProcessor\OrderProcessor.csproj", "{41A46154-9066-44C2-85FB-DD958C4EB30A}"
EndProject
Project("{FAE04EC0-301F-11D3-BF4B-00C04F79EFBC}") = "OrderPlacement", "OrderPlacement\OrderPlacement.csproj", "{2D3F9106-3489-44D8-A55B-669475694B47}"
EndProject
Project("{FAE04EC0-301F-11D3-BF4B-00C04F79EFBC}") = "Model", "Model\Model.csproj", "{D2F0461C-4D8E-4888-8DD7-E06A9F2B73D9}"
EndProject
Project("{2150E333-8FDC-42A3-9474-1A3956D46DE8}") = "Examples", "Examples", "{33D2E0FF-CF5C-475A-A3B4-9B48904737C5}"
EndProject
Project("{2150E333-8FDC-42A3-9474-1A3956D46DE8}") = "MessagingWithWorkerQueues", "MessagingWithWorkerQueues", "{E1DD95E5-71B5-4F22-A69C-BF7AF71BE840}"
EndProject
Project("{2150E333-8FDC-42A3-9474-1A3956D46DE8}") = "PublishSubscribe", "PublishSubscribe", "{78FDE315-106A-4CA9-8201-36070D190CEC}"
EndProject
Project("{2150E333-8FDC-42A3-9474-1A3956D46DE8}") = "RequestResponse", "RequestResponse", "{AF482833-7B4A-4C34-BB70-68FB3021224D}"
EndProject
Project("{FAE04EC0-301F-11D3-BF4B-00C04F79EFBC}") = "RequestConsoleApp", "RequestConsoleApp\RequestConsoleApp.csproj", "{31734BFC-9679-4C42-A9A3-2C6138329E25}"
EndProject
Project("{2150E333-8FDC-42A3-9474-1A3956D46DE8}") = "Core", "Core", "{AE1FF32E-03B1-4E65-9605-34B8494B52B3}"
EndProject
Project("{FAE04EC0-301F-11D3-BF4B-00C04F79EFBC}") = "ReponseConsoleApp", "ReponseConsoleApp\ReponseConsoleApp.csproj", "{1F24B2B3-6973-4950-9378-207B3A9AC916}"
EndProject
Global
	GlobalSection(SolutionConfigurationPlatforms) = preSolution
		Debug|Any CPU = Debug|Any CPU
		Release|Any CPU = Release|Any CPU
	EndGlobalSection
	GlobalSection(ProjectConfigurationPlatforms) = postSolution
		{9DFF5D66-34A6-445A-B2CD-05048550C443}.Debug|Any CPU.ActiveCfg = Debug|Any CPU
		{9DFF5D66-34A6-445A-B2CD-05048550C443}.Debug|Any CPU.Build.0 = Debug|Any CPU
		{9DFF5D66-34A6-445A-B2CD-05048550C443}.Release|Any CPU.ActiveCfg = Release|Any CPU
		{9DFF5D66-34A6-445A-B2CD-05048550C443}.Release|Any CPU.Build.0 = Release|Any CPU
		{41A46154-9066-44C2-85FB-DD958C4EB30A}.Debug|Any CPU.ActiveCfg = Debug|Any CPU
		{41A46154-9066-44C2-85FB-DD958C4EB30A}.Debug|Any CPU.Build.0 = Debug|Any CPU
		{41A46154-9066-44C2-85FB-DD958C4EB30A}.Release|Any CPU.ActiveCfg = Release|Any CPU
		{41A46154-9066-44C2-85FB-DD958C4EB30A}.Release|Any CPU.Build.0 = Release|Any CPU
		{2D3F9106-3489-44D8-A55B-669475694B47}.Debug|Any CPU.ActiveCfg = Debug|Any CPU
		{2D3F9106-3489-44D8-A55B-669475694B47}.Debug|Any CPU.Build.0 = Debug|Any CPU
		{2D3F9106-3489-44D8-A55B-669475694B47}.Release|Any CPU.ActiveCfg = Release|Any CPU
		{2D3F9106-3489-44D8-A55B-669475694B47}.Release|Any CPU.Build.0 = Release|Any CPU
		{D2F0461C-4D8E-4888-8DD7-E06A9F2B73D9}.Debug|Any CPU.ActiveCfg = Debug|Any CPU
		{D2F0461C-4D8E-4888-8DD7-E06A9F2B73D9}.Debug|Any CPU.Build.0 = Debug|Any CPU
		{D2F0461C-4D8E-4888-8DD7-E06A9F2B73D9}.Release|Any CPU.ActiveCfg = Release|Any CPU
		{D2F0461C-4D8E-4888-8DD7-E06A9F2B73D9}.Release|Any CPU.Build.0 = Release|Any CPU
		{31734BFC-9679-4C42-A9A3-2C6138329E25}.Debug|Any CPU.ActiveCfg = Debug|Any CPU
		{31734BFC-9679-4C42-A9A3-2C6138329E25}.Debug|Any CPU.Build.0 = Debug|Any CPU
		{31734BFC-9679-4C42-A9A3-2C6138329E25}.Release|Any CPU.ActiveCfg = Release|Any CPU
		{31734BFC-9679-4C42-A9A3-2C6138329E25}.Release|Any CPU.Build.0 = Release|Any CPU
		{1F24B2B3-6973-4950-9378-207B3A9AC916}.Debug|Any CPU.ActiveCfg = Debug|Any CPU
		{1F24B2B3-6973-4950-9378-207B3A9AC916}.Debug|Any CPU.Build.0 = Debug|Any CPU
		{1F24B2B3-6973-4950-9378-207B3A9AC916}.Release|Any CPU.ActiveCfg = Release|Any CPU
		{1F24B2B3-6973-4950-9378-207B3A9AC916}.Release|Any CPU.Build.0 = Release|Any CPU
	EndGlobalSection
	GlobalSection(SolutionProperties) = preSolution
		HideSolutionNode = FALSE
	EndGlobalSection
	GlobalSection(NestedProjects) = preSolution
		{9DFF5D66-34A6-445A-B2CD-05048550C443} = {FEAB8678-F847-49E1-93FB-FE9DC8B240FA}
		{ABF9063C-2D47-4F28-89F4-7CDD40BDC76C} = {33D2E0FF-CF5C-475A-A3B4-9B48904737C5}
		{41A46154-9066-44C2-85FB-DD958C4EB30A} = {ABF9063C-2D47-4F28-89F4-7CDD40BDC76C}
		{2D3F9106-3489-44D8-A55B-669475694B47} = {ABF9063C-2D47-4F28-89F4-7CDD40BDC76C}
		{D2F0461C-4D8E-4888-8DD7-E06A9F2B73D9} = {AE1FF32E-03B1-4E65-9605-34B8494B52B3}
		{E1DD95E5-71B5-4F22-A69C-BF7AF71BE840} = {33D2E0FF-CF5C-475A-A3B4-9B48904737C5}
		{78FDE315-106A-4CA9-8201-36070D190CEC} = {33D2E0FF-CF5C-475A-A3B4-9B48904737C5}
		{AF482833-7B4A-4C34-BB70-68FB3021224D} = {33D2E0FF-CF5C-475A-A3B4-9B48904737C5}
		{31734BFC-9679-4C42-A9A3-2C6138329E25} = {AF482833-7B4A-4C34-BB70-68FB3021224D}
		{AE1FF32E-03B1-4E65-9605-34B8494B52B3} = {33D2E0FF-CF5C-475A-A3B4-9B48904737C5}
		{1F24B2B3-6973-4950-9378-207B3A9AC916} = {AF482833-7B4A-4C34-BB70-68FB3021224D}
	EndGlobalSection
EndGlobal
